// !$*UTF8*$!
{
	archiveVersion = 1;
	classes = {
	};
	objectVersion = 50;
	objects = {

/* Begin PBXBuildFile section */
		FF316819269C85A4001B306A /* Search.swift in Sources */ = {isa = PBXBuildFile; fileRef = FF316818269C85A4001B306A /* Search.swift */; };
		FF31681B269C85B1001B306A /* SearchViewModel.swift in Sources */ = {isa = PBXBuildFile; fileRef = FF31681A269C85B1001B306A /* SearchViewModel.swift */; };
		FF9FFC912699C25400012B33 /* EnimeListApp.swift in Sources */ = {isa = PBXBuildFile; fileRef = FF9FFC902699C25400012B33 /* EnimeListApp.swift */; };
		FF9FFC932699C25400012B33 /* ContentView.swift in Sources */ = {isa = PBXBuildFile; fileRef = FF9FFC922699C25400012B33 /* ContentView.swift */; };
		FF9FFC952699C25600012B33 /* Assets.xcassets in Resources */ = {isa = PBXBuildFile; fileRef = FF9FFC942699C25600012B33 /* Assets.xcassets */; };
		FF9FFC982699C25600012B33 /* Preview Assets.xcassets in Resources */ = {isa = PBXBuildFile; fileRef = FF9FFC972699C25600012B33 /* Preview Assets.xcassets */; };
		FF9FFCA32699CF1800012B33 /* AnimeViewModel.swift in Sources */ = {isa = PBXBuildFile; fileRef = FF9FFCA22699CF1800012B33 /* AnimeViewModel.swift */; };
		FF9FFCA52699CF8800012B33 /* AnimeModel.swift in Sources */ = {isa = PBXBuildFile; fileRef = FF9FFCA42699CF8800012B33 /* AnimeModel.swift */; };
		FF9FFCA72699D1F600012B33 /* MainAnimeModel.swift in Sources */ = {isa = PBXBuildFile; fileRef = FF9FFCA62699D1F600012B33 /* MainAnimeModel.swift */; };
		FF9FFCA92699D3F500012B33 /* AnimeMainViewModel.swift in Sources */ = {isa = PBXBuildFile; fileRef = FF9FFCA82699D3F500012B33 /* AnimeMainViewModel.swift */; };
		FFE01479269DB16700CD6312 /* AnimeSearchModel.swift in Sources */ = {isa = PBXBuildFile; fileRef = FFE01478269DB16600CD6312 /* AnimeSearchModel.swift */; };
		FFF776712699EE34007A8559 /* extentions.swift in Sources */ = {isa = PBXBuildFile; fileRef = FFF776702699EE34007A8559 /* extentions.swift */; };
		FFF77673269ABBFC007A8559 /* ItemDisplay.swift in Sources */ = {isa = PBXBuildFile; fileRef = FFF77672269ABBFC007A8559 /* ItemDisplay.swift */; };
		FFF77675269ABC2C007A8559 /* Home.swift in Sources */ = {isa = PBXBuildFile; fileRef = FFF77674269ABC2C007A8559 /* Home.swift */; };
/* End PBXBuildFile section */

/* Begin PBXFileReference section */
		FF316818269C85A4001B306A /* Search.swift */ = {isa = PBXFileReference; lastKnownFileType = sourcecode.swift; path = Search.swift; sourceTree = "<group>"; };
		FF31681A269C85B1001B306A /* SearchViewModel.swift */ = {isa = PBXFileReference; lastKnownFileType = sourcecode.swift; path = SearchViewModel.swift; sourceTree = "<group>"; };
		FF9FFC8D2699C25400012B33 /* EnimeList.app */ = {isa = PBXFileReference; explicitFileType = wrapper.application; includeInIndex = 0; path = EnimeList.app; sourceTree = BUILT_PRODUCTS_DIR; };
		FF9FFC902699C25400012B33 /* EnimeListApp.swift */ = {isa = PBXFileReference; lastKnownFileType = sourcecode.swift; path = EnimeListApp.swift; sourceTree = "<group>"; };
		FF9FFC922699C25400012B33 /* ContentView.swift */ = {isa = PBXFileReference; lastKnownFileType = sourcecode.swift; path = ContentView.swift; sourceTree = "<group>"; };
		FF9FFC942699C25600012B33 /* Assets.xcassets */ = {isa = PBXFileReference; lastKnownFileType = folder.assetcatalog; path = Assets.xcassets; sourceTree = "<group>"; };
		FF9FFC972699C25600012B33 /* Preview Assets.xcassets */ = {isa = PBXFileReference; lastKnownFileType = folder.assetcatalog; path = "Preview Assets.xcassets"; sourceTree = "<group>"; };
		FF9FFC992699C25600012B33 /* Info.plist */ = {isa = PBXFileReference; lastKnownFileType = text.plist.xml; path = Info.plist; sourceTree = "<group>"; };
		FF9FFCA22699CF1800012B33 /* AnimeViewModel.swift */ = {isa = PBXFileReference; lastKnownFileType = sourcecode.swift; path = AnimeViewModel.swift; sourceTree = "<group>"; };
		FF9FFCA42699CF8800012B33 /* AnimeModel.swift */ = {isa = PBXFileReference; lastKnownFileType = sourcecode.swift; path = AnimeModel.swift; sourceTree = "<group>"; };
		FF9FFCA62699D1F600012B33 /* MainAnimeModel.swift */ = {isa = PBXFileReference; lastKnownFileType = sourcecode.swift; path = MainAnimeModel.swift; sourceTree = "<group>"; };
		FF9FFCA82699D3F500012B33 /* AnimeMainViewModel.swift */ = {isa = PBXFileReference; lastKnownFileType = sourcecode.swift; path = AnimeMainViewModel.swift; sourceTree = "<group>"; };
		FFE01478269DB16600CD6312 /* AnimeSearchModel.swift */ = {isa = PBXFileReference; lastKnownFileType = sourcecode.swift; path = AnimeSearchModel.swift; sourceTree = "<group>"; };
		FFF776702699EE34007A8559 /* extentions.swift */ = {isa = PBXFileReference; lastKnownFileType = sourcecode.swift; path = extentions.swift; sourceTree = "<group>"; };
		FFF77672269ABBFC007A8559 /* ItemDisplay.swift */ = {isa = PBXFileReference; lastKnownFileType = sourcecode.swift; path = ItemDisplay.swift; sourceTree = "<group>"; };
		FFF77674269ABC2C007A8559 /* Home.swift */ = {isa = PBXFileReference; lastKnownFileType = sourcecode.swift; path = Home.swift; sourceTree = "<group>"; };
/* End PBXFileReference section */

/* Begin PBXFrameworksBuildPhase section */
		FF9FFC8A2699C25400012B33 /* Frameworks */ = {
			isa = PBXFrameworksBuildPhase;
			buildActionMask = 2147483647;
			files = (
			);
			runOnlyForDeploymentPostprocessing = 0;
		};
/* End PBXFrameworksBuildPhase section */

/* Begin PBXGroup section */
		FF9FFC842699C25400012B33 = {
			isa = PBXGroup;
			children = (
				FF9FFC8F2699C25400012B33 /* EnimeList */,
				FF9FFC8E2699C25400012B33 /* Products */,
			);
			sourceTree = "<group>";
		};
		FF9FFC8E2699C25400012B33 /* Products */ = {
			isa = PBXGroup;
			children = (
				FF9FFC8D2699C25400012B33 /* EnimeList.app */,
			);
			name = Products;
			sourceTree = "<group>";
		};
		FF9FFC8F2699C25400012B33 /* EnimeList */ = {
			isa = PBXGroup;
			children = (
				FF9FFC902699C25400012B33 /* EnimeListApp.swift */,
				FFF776702699EE34007A8559 /* extentions.swift */,
				FFACD06D26A1AC340084D036 /* Controller */,
				FF9FFCA12699C28300012B33 /* Model */,
				FF9FFCA02699C27300012B33 /* ViewModel */,
				FF9FFC9F2699C26E00012B33 /* View */,
				FF9FFC942699C25600012B33 /* Assets.xcassets */,
				FF9FFC992699C25600012B33 /* Info.plist */,
				FF9FFC962699C25600012B33 /* Preview Content */,
			);
			path = EnimeList;
			sourceTree = "<group>";
		};
		FF9FFC962699C25600012B33 /* Preview Content */ = {
			isa = PBXGroup;
			children = (
				FF9FFC972699C25600012B33 /* Preview Assets.xcassets */,
			);
			path = "Preview Content";
			sourceTree = "<group>";
		};
		FF9FFC9F2699C26E00012B33 /* View */ = {
			isa = PBXGroup;
			children = (
				FFACD06F26A1AC510084D036 /* Home */,
				FFACD07026A1AC5C0084D036 /* Display */,
			);
			path = View;
			sourceTree = "<group>";
		};
		FF9FFCA02699C27300012B33 /* ViewModel */ = {
			isa = PBXGroup;
			children = (
				FF9FFCA22699CF1800012B33 /* AnimeViewModel.swift */,
				FF9FFCA82699D3F500012B33 /* AnimeMainViewModel.swift */,
				FF31681A269C85B1001B306A /* SearchViewModel.swift */,
			);
			path = ViewModel;
			sourceTree = "<group>";
		};
		FF9FFCA12699C28300012B33 /* Model */ = {
			isa = PBXGroup;
			children = (
				FF9FFCA42699CF8800012B33 /* AnimeModel.swift */,
				FF9FFCA62699D1F600012B33 /* MainAnimeModel.swift */,
				FFE01478269DB16600CD6312 /* AnimeSearchModel.swift */,
			);
			path = Model;
			sourceTree = "<group>";
		};
		FFACD06D26A1AC340084D036 /* Controller */ = {
			isa = PBXGroup;
			children = (
				FF9FFC922699C25400012B33 /* ContentView.swift */,
			);
			path = Controller;
			sourceTree = "<group>";
		};
		FFACD06F26A1AC510084D036 /* Home */ = {
			isa = PBXGroup;
			children = (
				FFF77674269ABC2C007A8559 /* Home.swift */,
			);
			path = Home;
			sourceTree = "<group>";
		};
		FFACD07026A1AC5C0084D036 /* Display */ = {
			isa = PBXGroup;
			children = (
				FF316818269C85A4001B306A /* Search.swift */,
				FFF77672269ABBFC007A8559 /* ItemDisplay.swift */,
			);
			path = Display;
			sourceTree = "<group>";
		};
/* End PBXGroup section */

/* Begin PBXNativeTarget section */
		FF9FFC8C2699C25400012B33 /* EnimeList */ = {
			isa = PBXNativeTarget;
			buildConfigurationList = FF9FFC9C2699C25600012B33 /* Build configuration list for PBXNativeTarget "EnimeList" */;
			buildPhases = (
				FF9FFC892699C25400012B33 /* Sources */,
				FF9FFC8A2699C25400012B33 /* Frameworks */,
				FF9FFC8B2699C25400012B33 /* Resources */,
			);
			buildRules = (
			);
			dependencies = (
			);
			name = EnimeList;
			productName = EnimeList;
			productReference = FF9FFC8D2699C25400012B33 /* EnimeList.app */;
			productType = "com.apple.product-type.application";
		};
/* End PBXNativeTarget section */

/* Begin PBXProject section */
		FF9FFC852699C25400012B33 /* Project object */ = {
			isa = PBXProject;
			attributes = {
				LastSwiftUpdateCheck = 1250;
				LastUpgradeCheck = 1250;
				TargetAttributes = {
					FF9FFC8C2699C25400012B33 = {
						CreatedOnToolsVersion = 12.5;
					};
				};
			};
			buildConfigurationList = FF9FFC882699C25400012B33 /* Build configuration list for PBXProject "EnimeList" */;
			compatibilityVersion = "Xcode 9.3";
			developmentRegion = en;
			hasScannedForEncodings = 0;
			knownRegions = (
				en,
				Base,
			);
			mainGroup = FF9FFC842699C25400012B33;
			productRefGroup = FF9FFC8E2699C25400012B33 /* Products */;
			projectDirPath = "";
			projectRoot = "";
			targets = (
				FF9FFC8C2699C25400012B33 /* EnimeList */,
			);
		};
/* End PBXProject section */

/* Begin PBXResourcesBuildPhase section */
		FF9FFC8B2699C25400012B33 /* Resources */ = {
			isa = PBXResourcesBuildPhase;
			buildActionMask = 2147483647;
			files = (
				FF9FFC982699C25600012B33 /* Preview Assets.xcassets in Resources */,
				FF9FFC952699C25600012B33 /* Assets.xcassets in Resources */,
			);
			runOnlyForDeploymentPostprocessing = 0;
		};
/* End PBXResourcesBuildPhase section */

/* Begin PBXSourcesBuildPhase section */
		FF9FFC892699C25400012B33 /* Sources */ = {
			isa = PBXSourcesBuildPhase;
			buildActionMask = 2147483647;
			files = (
				FF31681B269C85B1001B306A /* SearchViewModel.swift in Sources */,
				FFF77673269ABBFC007A8559 /* ItemDisplay.swift in Sources */,
				FF9FFCA32699CF1800012B33 /* AnimeViewModel.swift in Sources */,
				FF9FFCA72699D1F600012B33 /* MainAnimeModel.swift in Sources */,
				FF9FFCA92699D3F500012B33 /* AnimeMainViewModel.swift in Sources */,
				FFF77675269ABC2C007A8559 /* Home.swift in Sources */,
				FF9FFC932699C25400012B33 /* ContentView.swift in Sources */,
				FFF776712699EE34007A8559 /* extentions.swift in Sources */,
				FF316819269C85A4001B306A /* Search.swift in Sources */,
				FF9FFCA52699CF8800012B33 /* AnimeModel.swift in Sources */,
				FFE01479269DB16700CD6312 /* AnimeSearchModel.swift in Sources */,
				FF9FFC912699C25400012B33 /* EnimeListApp.swift in Sources */,
			);
			runOnlyForDeploymentPostprocessing = 0;
		};
/* End PBXSourcesBuildPhase section */

/* Begin XCBuildConfiguration section */
		FF9FFC9A2699C25600012B33 /* Debug */ = {
			isa = XCBuildConfiguration;
			buildSettings = {
				ALWAYS_SEARCH_USER_PATHS = NO;
				CLANG_ANALYZER_NONNULL = YES;
				CLANG_ANALYZER_NUMBER_OBJECT_CONVERSION = YES_AGGRESSIVE;
				CLANG_CXX_LANGUAGE_STANDARD = "gnu++14";
				CLANG_CXX_LIBRARY = "libc++";
				CLANG_ENABLE_MODULES = YES;
				CLANG_ENABLE_OBJC_ARC = YES;
				CLANG_ENABLE_OBJC_WEAK = YES;
				CLANG_WARN_BLOCK_CAPTURE_AUTORELEASING = YES;
				CLANG_WARN_BOOL_CONVERSION = YES;
				CLANG_WARN_COMMA = YES;
				CLANG_WARN_CONSTANT_CONVERSION = YES;
				CLANG_WARN_DEPRECATED_OBJC_IMPLEMENTATIONS = YES;
				CLANG_WARN_DIRECT_OBJC_ISA_USAGE = YES_ERROR;
				CLANG_WARN_DOCUMENTATION_COMMENTS = YES;
				CLANG_WARN_EMPTY_BODY = YES;
				CLANG_WARN_ENUM_CONVERSION = YES;
				CLANG_WARN_INFINITE_RECURSION = YES;
				CLANG_WARN_INT_CONVERSION = YES;
				CLANG_WARN_NON_LITERAL_NULL_CONVERSION = YES;
				CLANG_WARN_OBJC_IMPLICIT_RETAIN_SELF = YES;
				CLANG_WARN_OBJC_LITERAL_CONVERSION = YES;
				CLANG_WARN_OBJC_ROOT_CLASS = YES_ERROR;
				CLANG_WARN_QUOTED_INCLUDE_IN_FRAMEWORK_HEADER = YES;
				CLANG_WARN_RANGE_LOOP_ANALYSIS = YES;
				CLANG_WARN_STRICT_PROTOTYPES = YES;
				CLANG_WARN_SUSPICIOUS_MOVE = YES;
				CLANG_WARN_UNGUARDED_AVAILABILITY = YES_AGGRESSIVE;
				CLANG_WARN_UNREACHABLE_CODE = YES;
				CLANG_WARN__DUPLICATE_METHOD_MATCH = YES;
				COPY_PHASE_STRIP = NO;
				DEBUG_INFORMATION_FORMAT = dwarf;
				ENABLE_STRICT_OBJC_MSGSEND = YES;
				ENABLE_TESTABILITY = YES;
				GCC_C_LANGUAGE_STANDARD = gnu11;
				GCC_DYNAMIC_NO_PIC = NO;
				GCC_NO_COMMON_BLOCKS = YES;
				GCC_OPTIMIZATION_LEVEL = 0;
				GCC_PREPROCESSOR_DEFINITIONS = (
					"DEBUG=1",
					"$(inherited)",
				);
				GCC_WARN_64_TO_32_BIT_CONVERSION = YES;
				GCC_WARN_ABOUT_RETURN_TYPE = YES_ERROR;
				GCC_WARN_UNDECLARED_SELECTOR = YES;
				GCC_WARN_UNINITIALIZED_AUTOS = YES_AGGRESSIVE;
				GCC_WARN_UNUSED_FUNCTION = YES;
				GCC_WARN_UNUSED_VARIABLE = YES;
				IPHONEOS_DEPLOYMENT_TARGET = 14.5;
				MTL_ENABLE_DEBUG_INFO = INCLUDE_SOURCE;
				MTL_FAST_MATH = YES;
				ONLY_ACTIVE_ARCH = YES;
				SDKROOT = iphoneos;
				SWIFT_ACTIVE_COMPILATION_CONDITIONS = DEBUG;
				SWIFT_OPTIMIZATION_LEVEL = "-Onone";
			};
			name = Debug;
		};
		FF9FFC9B2699C25600012B33 /* Release */ = {
			isa = XCBuildConfiguration;
			buildSettings = {
				ALWAYS_SEARCH_USER_PATHS = NO;
				CLANG_ANALYZER_NONNULL = YES;
				CLANG_ANALYZER_NUMBER_OBJECT_CONVERSION = YES_AGGRESSIVE;
				CLANG_CXX_LANGUAGE_STANDARD = "gnu++14";
				CLANG_CXX_LIBRARY = "libc++";
				CLANG_ENABLE_MODULES = YES;
				CLANG_ENABLE_OBJC_ARC = YES;
				CLANG_ENABLE_OBJC_WEAK = YES;
				CLANG_WARN_BLOCK_CAPTURE_AUTORELEASING = YES;
				CLANG_WARN_BOOL_CONVERSION = YES;
				CLANG_WARN_COMMA = YES;
				CLANG_WARN_CONSTANT_CONVERSION = YES;
				CLANG_WARN_DEPRECATED_OBJC_IMPLEMENTATIONS = YES;
				CLANG_WARN_DIRECT_OBJC_ISA_USAGE = YES_ERROR;
				CLANG_WARN_DOCUMENTATION_COMMENTS = YES;
				CLANG_WARN_EMPTY_BODY = YES;
				CLANG_WARN_ENUM_CONVERSION = YES;
				CLANG_WARN_INFINITE_RECURSION = YES;
				CLANG_WARN_INT_CONVERSION = YES;
				CLANG_WARN_NON_LITERAL_NULL_CONVERSION = YES;
				CLANG_WARN_OBJC_IMPLICIT_RETAIN_SELF = YES;
				CLANG_WARN_OBJC_LITERAL_CONVERSION = YES;
				CLANG_WARN_OBJC_ROOT_CLASS = YES_ERROR;
				CLANG_WARN_QUOTED_INCLUDE_IN_FRAMEWORK_HEADER = YES;
				CLANG_WARN_RANGE_LOOP_ANALYSIS = YES;
				CLANG_WARN_STRICT_PROTOTYPES = YES;
				CLANG_WARN_SUSPICIOUS_MOVE = YES;
				CLANG_WARN_UNGUARDED_AVAILABILITY = YES_AGGRESSIVE;
				CLANG_WARN_UNREACHABLE_CODE = YES;
				CLANG_WARN__DUPLICATE_METHOD_MATCH = YES;
				COPY_PHASE_STRIP = NO;
				DEBUG_INFORMATION_FORMAT = "dwarf-with-dsym";
				ENABLE_NS_ASSERTIONS = NO;
				ENABLE_STRICT_OBJC_MSGSEND = YES;
				GCC_C_LANGUAGE_STANDARD = gnu11;
				GCC_NO_COMMON_BLOCKS = YES;
				GCC_WARN_64_TO_32_BIT_CONVERSION = YES;
				GCC_WARN_ABOUT_RETURN_TYPE = YES_ERROR;
				GCC_WARN_UNDECLARED_SELECTOR = YES;
				GCC_WARN_UNINITIALIZED_AUTOS = YES_AGGRESSIVE;
				GCC_WARN_UNUSED_FUNCTION = YES;
				GCC_WARN_UNUSED_VARIABLE = YES;
				IPHONEOS_DEPLOYMENT_TARGET = 14.5;
				MTL_ENABLE_DEBUG_INFO = NO;
				MTL_FAST_MATH = YES;
				SDKROOT = iphoneos;
				SWIFT_COMPILATION_MODE = wholemodule;
				SWIFT_OPTIMIZATION_LEVEL = "-O";
				VALIDATE_PRODUCT = YES;
			};
			name = Release;
		};
		FF9FFC9D2699C25600012B33 /* Debug */ = {
			isa = XCBuildConfiguration;
			buildSettings = {
				ASSETCATALOG_COMPILER_APPICON_NAME = AppIcon;
				ASSETCATALOG_COMPILER_GLOBAL_ACCENT_COLOR_NAME = AccentColor;
				CODE_SIGN_STYLE = Automatic;
				DEVELOPMENT_ASSET_PATHS = "\"EnimeList/Preview Content\"";
				DEVELOPMENT_TEAM = BLGCGGKJB5;
				ENABLE_PREVIEWS = YES;
				INFOPLIST_FILE = EnimeList/Info.plist;
				IPHONEOS_DEPLOYMENT_TARGET = 14.0;
				LD_RUNPATH_SEARCH_PATHS = (
					"$(inherited)",
					"@executable_path/Frameworks",
				);
				PRODUCT_BUNDLE_IDENTIFIER = com.indomieProject.EnimeList;
				PRODUCT_NAME = "$(TARGET_NAME)";
				SWIFT_VERSION = 5.0;
				TARGETED_DEVICE_FAMILY = "1,2";
			};
			name = Debug;
		};
		FF9FFC9E2699C25600012B33 /* Release */ = {
			isa = XCBuildConfiguration;
			buildSettings = {
				ASSETCATALOG_COMPILER_APPICON_NAME = AppIcon;
				ASSETCATALOG_COMPILER_GLOBAL_ACCENT_COLOR_NAME = AccentColor;
				CODE_SIGN_STYLE = Automatic;
				DEVELOPMENT_ASSET_PATHS = "\"EnimeList/Preview Content\"";
				DEVELOPMENT_TEAM = BLGCGGKJB5;
				ENABLE_PREVIEWS = YES;
				INFOPLIST_FILE = EnimeList/Info.plist;
				IPHONEOS_DEPLOYMENT_TARGET = 14.0;
				LD_RUNPATH_SEARCH_PATHS = (
					"$(inherited)",
					"@executable_path/Frameworks",
				);
				PRODUCT_BUNDLE_IDENTIFIER = com.indomieProject.EnimeList;
				PRODUCT_NAME = "$(TARGET_NAME)";
				SWIFT_VERSION = 5.0;
				TARGETED_DEVICE_FAMILY = "1,2";
			};
			name = Release;
		};
/* End XCBuildConfiguration section */

/* Begin XCConfigurationList section */
		FF9FFC882699C25400012B33 /* Build configuration list for PBXProject "EnimeList" */ = {
			isa = XCConfigurationList;
			buildConfigurations = (
				FF9FFC9A2699C25600012B33 /* Debug */,
				FF9FFC9B2699C25600012B33 /* Release */,
			);
			defaultConfigurationIsVisible = 0;
			defaultConfigurationName = Release;
		};
		FF9FFC9C2699C25600012B33 /* Build configuration list for PBXNativeTarget "EnimeList" */ = {
			isa = XCConfigurationList;
			buildConfigurations = (
				FF9FFC9D2699C25600012B33 /* Debug */,
				FF9FFC9E2699C25600012B33 /* Release */,
			);
			defaultConfigurationIsVisible = 0;
			defaultConfigurationName = Release;
		};
/* End XCConfigurationList section */
	};
	rootObject = FF9FFC852699C25400012B33 /* Project object */;
}
